# This file is automatically @generated by Cargo.
# It is not intended for manual editing.
version = 3

[[package]]
name = "cl_parse"
version = "0.2.0"
dependencies = [
 "lazy_static",
 "sys-locale",
]

[[package]]
name = "lazy_static"
version = "1.5.0"
source = "registry+https://github.com/rust-lang/crates.io-index"
checksum = "bbd2bcb4c963f2ddae06a2efc7e9f3591312473c50c6685e1f298068316e66fe"

[[package]]
name = "libc"
version = "0.2.155"
source = "registry+https://github.com/rust-lang/crates.io-index"
checksum = "97b3888a4aecf77e811145cadf6eef5901f4782c53886191b2f693f24761847c"

[[package]]
name = "sys-locale"
version = "0.3.1"
source = "registry+https://github.com/rust-lang/crates.io-index"
checksum = "e801cf239ecd6ccd71f03d270d67dd53d13e90aab208bf4b8fe4ad957ea949b0"
dependencies = [
 "libc",
]
